// !$*UTF8*$!
{
	archiveVersion = 1;
	classes = {
	};
	objectVersion = 56;
	objects = {

/* Begin PBXBuildFile section */
		00078C6C2B0F12930035A466 /* TodayWeatherCollectionView.swift in Sources */ = {isa = PBXBuildFile; fileRef = 00078C6B2B0F12930035A466 /* TodayWeatherCollectionView.swift */; };
		00078C6F2B0F1B180035A466 /* TodayWeatherDetailCollectionViewHeaderView.swift in Sources */ = {isa = PBXBuildFile; fileRef = 00078C6E2B0F1B180035A466 /* TodayWeatherDetailCollectionViewHeaderView.swift */; };
		003084BC2B16EF2000D7A22D /* TodayWeatherDataSection.swift in Sources */ = {isa = PBXBuildFile; fileRef = 003084BB2B16EF2000D7A22D /* TodayWeatherDataSection.swift */; };
		003084C02B170A5700D7A22D /* Property List.plist in Resources */ = {isa = PBXBuildFile; fileRef = 003084BF2B170A5700D7A22D /* Property List.plist */; };
		003084C22B170BEA00D7A22D /* TemperatureForecastService.swift in Sources */ = {isa = PBXBuildFile; fileRef = 003084C12B170BEA00D7A22D /* TemperatureForecastService.swift */; };
		003084C52B170DA300D7A22D /* TemperatureForecastRequestModel.swift in Sources */ = {isa = PBXBuildFile; fileRef = 003084C42B170DA300D7A22D /* TemperatureForecastRequestModel.swift */; };
		003084C72B170F3A00D7A22D /* TemperatureForecastResponseModel.swift in Sources */ = {isa = PBXBuildFile; fileRef = 003084C62B170F3A00D7A22D /* TemperatureForecastResponseModel.swift */; };
		0031E9792B1839C600259EC2 /* SkyConditionForecastService.swift in Sources */ = {isa = PBXBuildFile; fileRef = 0031E9782B1839C600259EC2 /* SkyConditionForecastService.swift */; };
		0031E97B2B1839FD00259EC2 /* SkyConditionForecastRequestModel.swift in Sources */ = {isa = PBXBuildFile; fileRef = 0031E97A2B1839FD00259EC2 /* SkyConditionForecastRequestModel.swift */; };
		0031E97D2B183A7600259EC2 /* SkyConditionResponseModel.swift in Sources */ = {isa = PBXBuildFile; fileRef = 0031E97C2B183A7600259EC2 /* SkyConditionResponseModel.swift */; };
		0031E9802B18B31A00259EC2 /* SearchViewModel.swift in Sources */ = {isa = PBXBuildFile; fileRef = 0031E97F2B18B31A00259EC2 /* SearchViewModel.swift */; };
		003447CB2B1C3BBE00B1D24F /* DailyWeatherForecastService.swift in Sources */ = {isa = PBXBuildFile; fileRef = 003447CA2B1C3BBE00B1D24F /* DailyWeatherForecastService.swift */; };
		003447CD2B1C3D2C00B1D24F /* DailyWeatherForecastRequestModel.swift in Sources */ = {isa = PBXBuildFile; fileRef = 003447CC2B1C3D2C00B1D24F /* DailyWeatherForecastRequestModel.swift */; };
		003447CF2B1C3E8B00B1D24F /* DailyWeatherForecastResponseModel.swift in Sources */ = {isa = PBXBuildFile; fileRef = 003447CE2B1C3E8B00B1D24F /* DailyWeatherForecastResponseModel.swift */; };
		003447D12B1C4FDB00B1D24F /* InfoWindowContents.swift in Sources */ = {isa = PBXBuildFile; fileRef = 003447D02B1C4FDB00B1D24F /* InfoWindowContents.swift */; };
		003989BA2B1F7E1F007CFD53 /* Realm in Frameworks */ = {isa = PBXBuildFile; productRef = 003989B92B1F7E1F007CFD53 /* Realm */; };
		003989BC2B1F7E1F007CFD53 /* RealmSwift in Frameworks */ = {isa = PBXBuildFile; productRef = 003989BB2B1F7E1F007CFD53 /* RealmSwift */; };
		003989BF2B1F7EDE007CFD53 /* RxRealm in Frameworks */ = {isa = PBXBuildFile; productRef = 003989BE2B1F7EDE007CFD53 /* RxRealm */; };
		003989C22B1F7F5A007CFD53 /* SnapKit in Frameworks */ = {isa = PBXBuildFile; productRef = 003989C12B1F7F5A007CFD53 /* SnapKit */; };
		004148542B0E270D005C14D6 /* DetailViewController.swift in Sources */ = {isa = PBXBuildFile; fileRef = 004148532B0E270D005C14D6 /* DetailViewController.swift */; };
		0041485C2B0E3F3A005C14D6 /* TodayWeatherDetailCollectionViewCell.swift in Sources */ = {isa = PBXBuildFile; fileRef = 0041485B2B0E3F3A005C14D6 /* TodayWeatherDetailCollectionViewCell.swift */; };
		0050356A2B159C1700F8B7F2 /* Reactive+Extensions.swift in Sources */ = {isa = PBXBuildFile; fileRef = 005035692B159C1700F8B7F2 /* Reactive+Extensions.swift */; };
		0050356C2B15BE7C00F8B7F2 /* AddressResponseModel.swift in Sources */ = {isa = PBXBuildFile; fileRef = 0050356B2B15BE7C00F8B7F2 /* AddressResponseModel.swift */; };
		0050356E2B15C0F800F8B7F2 /* KoreanAddressService.swift in Sources */ = {isa = PBXBuildFile; fileRef = 0050356D2B15C0F800F8B7F2 /* KoreanAddressService.swift */; };
		005035702B15C2A900F8B7F2 /* AddressRequestModel.swift in Sources */ = {isa = PBXBuildFile; fileRef = 0050356F2B15C2A900F8B7F2 /* AddressRequestModel.swift */; };
		005035732B15D93000F8B7F2 /* ConvertXY.swift in Sources */ = {isa = PBXBuildFile; fileRef = 005035722B15D93000F8B7F2 /* ConvertXY.swift */; };
		00677A232B1F79370015F34D /* Alamofire in Frameworks */ = {isa = PBXBuildFile; productRef = 00677A222B1F79370015F34D /* Alamofire */; };
		00677A262B1F79F10015F34D /* RxCocoa in Frameworks */ = {isa = PBXBuildFile; productRef = 00677A252B1F79F10015F34D /* RxCocoa */; };
		00677A282B1F79F10015F34D /* RxSwift in Frameworks */ = {isa = PBXBuildFile; productRef = 00677A272B1F79F10015F34D /* RxSwift */; };
		00677A2B2B1F7A5E0015F34D /* Differentiator in Frameworks */ = {isa = PBXBuildFile; productRef = 00677A2A2B1F7A5E0015F34D /* Differentiator */; };
		00677A2D2B1F7A5E0015F34D /* RxDataSources in Frameworks */ = {isa = PBXBuildFile; productRef = 00677A2C2B1F7A5E0015F34D /* RxDataSources */; };
		007B16212B1AF04700E284AA /* RecentlySearchedAddressModel.swift in Sources */ = {isa = PBXBuildFile; fileRef = 007B16202B1AF04700E284AA /* RecentlySearchedAddressModel.swift */; };
		007B16252B1AF34A00E284AA /* RecentlySearchedAddressService.swift in Sources */ = {isa = PBXBuildFile; fileRef = 007B16242B1AF34A00E284AA /* RecentlySearchedAddressService.swift */; };
		007C0A5A2B0C5823007A4591 /* Assets.swift in Sources */ = {isa = PBXBuildFile; fileRef = 007C0A592B0C5823007A4591 /* Assets.swift */; };
		007C0A5C2B0C594F007A4591 /* TodayWeatherInfoStackView.swift in Sources */ = {isa = PBXBuildFile; fileRef = 007C0A5B2B0C594F007A4591 /* TodayWeatherInfoStackView.swift */; };
		007C0A5E2B0C5BB9007A4591 /* WeatherConditionCustomStackView.swift in Sources */ = {isa = PBXBuildFile; fileRef = 007C0A5D2B0C5BB9007A4591 /* WeatherConditionCustomStackView.swift */; };
		007C0A622B0C862F007A4591 /* UIButton+Extensions.swift in Sources */ = {isa = PBXBuildFile; fileRef = 007C0A612B0C862F007A4591 /* UIButton+Extensions.swift */; };
		007C6F842B0B8F4E0035BD38 /* AppDelegate.swift in Sources */ = {isa = PBXBuildFile; fileRef = 007C6F832B0B8F4E0035BD38 /* AppDelegate.swift */; };
		007C6F862B0B8F4E0035BD38 /* SceneDelegate.swift in Sources */ = {isa = PBXBuildFile; fileRef = 007C6F852B0B8F4E0035BD38 /* SceneDelegate.swift */; };
		007C6F882B0B8F4E0035BD38 /* HomeViewController.swift in Sources */ = {isa = PBXBuildFile; fileRef = 007C6F872B0B8F4E0035BD38 /* HomeViewController.swift */; };
		007C6F8D2B0B8F4F0035BD38 /* Assets.xcassets in Resources */ = {isa = PBXBuildFile; fileRef = 007C6F8C2B0B8F4F0035BD38 /* Assets.xcassets */; };
		007C6F902B0B8F4F0035BD38 /* LaunchScreen.storyboard in Resources */ = {isa = PBXBuildFile; fileRef = 007C6F8E2B0B8F4F0035BD38 /* LaunchScreen.storyboard */; };
		007C6F9B2B0B8F4F0035BD38 /* TodayWeatherTests.swift in Sources */ = {isa = PBXBuildFile; fileRef = 007C6F9A2B0B8F4F0035BD38 /* TodayWeatherTests.swift */; };
		007C6FA52B0B8F4F0035BD38 /* TodayWeatherUITests.swift in Sources */ = {isa = PBXBuildFile; fileRef = 007C6FA42B0B8F4F0035BD38 /* TodayWeatherUITests.swift */; };
		007C6FA72B0B8F4F0035BD38 /* TodayWeatherUITestsLaunchTests.swift in Sources */ = {isa = PBXBuildFile; fileRef = 007C6FA62B0B8F4F0035BD38 /* TodayWeatherUITestsLaunchTests.swift */; };
		007C6FB92B0BA0040035BD38 /* UIView+Extensions.swift in Sources */ = {isa = PBXBuildFile; fileRef = 007C6FB82B0BA0040035BD38 /* UIView+Extensions.swift */; };
		007C6FBC2B0BA1640035BD38 /* Colors.swift in Sources */ = {isa = PBXBuildFile; fileRef = 007C6FBB2B0BA1640035BD38 /* Colors.swift */; };
		00A2B6AA2B0F596200ACF23A /* NextForecastTableViewCell.swift in Sources */ = {isa = PBXBuildFile; fileRef = 00A2B6A92B0F596200ACF23A /* NextForecastTableViewCell.swift */; };
		00A2B6AC2B0F5BC000ACF23A /* NextForecastHeaderView.swift in Sources */ = {isa = PBXBuildFile; fileRef = 00A2B6AB2B0F5BC000ACF23A /* NextForecastHeaderView.swift */; };
		00A2B6AE2B0F894900ACF23A /* NextForecastTableView.swift in Sources */ = {isa = PBXBuildFile; fileRef = 00A2B6AD2B0F894900ACF23A /* NextForecastTableView.swift */; };
		00B04DB12B19843C00CA255E /* GeolocationResponseModel.swift in Sources */ = {isa = PBXBuildFile; fileRef = 00B04DB02B19843C00CA255E /* GeolocationResponseModel.swift */; };
		00B04DB42B19906800CA255E /* SearchDataSection.swift in Sources */ = {isa = PBXBuildFile; fileRef = 00B04DB32B19906800CA255E /* SearchDataSection.swift */; };
		00B04DB62B1991A700CA255E /* SearchedRegion.swift in Sources */ = {isa = PBXBuildFile; fileRef = 00B04DB52B1991A700CA255E /* SearchedRegion.swift */; };
		00BB70172B19606C00DEE301 /* GeolocationService.swift in Sources */ = {isa = PBXBuildFile; fileRef = 00BB70162B19606C00DEE301 /* GeolocationService.swift */; };
		00BB701A2B19611900DEE301 /* GeolocationRequestModel.swift in Sources */ = {isa = PBXBuildFile; fileRef = 00BB70192B19611900DEE301 /* GeolocationRequestModel.swift */; };
		00C75D012B107D6F0072DCB9 /* NotificationViewController.swift in Sources */ = {isa = PBXBuildFile; fileRef = 00C75D002B107D6F0072DCB9 /* NotificationViewController.swift */; };
		00C75D032B1093700072DCB9 /* NotificationTableViewCell.swift in Sources */ = {isa = PBXBuildFile; fileRef = 00C75D022B1093700072DCB9 /* NotificationTableViewCell.swift */; };
		00E59AB32B1F1143000E97D6 /* Int+Extensions.swift in Sources */ = {isa = PBXBuildFile; fileRef = 00E59AB22B1F1143000E97D6 /* Int+Extensions.swift */; };
		00E773342B1488A800684566 /* HomeViewModel.swift in Sources */ = {isa = PBXBuildFile; fileRef = 00E773332B1488A800684566 /* HomeViewModel.swift */; };
		00E773372B14949400684566 /* RealtimeForecastRequestModel.swift in Sources */ = {isa = PBXBuildFile; fileRef = 00E773362B14949400684566 /* RealtimeForecastRequestModel.swift */; };
		00E7733A2B1497C900684566 /* RealtimeForcastService.swift in Sources */ = {isa = PBXBuildFile; fileRef = 00E773392B1497C900684566 /* RealtimeForcastService.swift */; };
		00E7733C2B14A8BF00684566 /* RealtimeForecastResponseModel.swift in Sources */ = {isa = PBXBuildFile; fileRef = 00E7733B2B14A8BF00684566 /* RealtimeForecastResponseModel.swift */; };
		00E7733E2B14C81C00684566 /* Date+Extensions.swift in Sources */ = {isa = PBXBuildFile; fileRef = 00E7733D2B14C81C00684566 /* Date+Extensions.swift */; };
		00E773422B14F1BA00684566 /* WeatherConditionOfCurrentLocation.swift in Sources */ = {isa = PBXBuildFile; fileRef = 00E773412B14F1BA00684566 /* WeatherConditionOfCurrentLocation.swift */; };
		00EAC3732B1189A400230842 /* SearchViewController.swift in Sources */ = {isa = PBXBuildFile; fileRef = 00EAC3722B1189A400230842 /* SearchViewController.swift */; };
		00EAC3752B11B54100230842 /* SearchTableViewCell.swift in Sources */ = {isa = PBXBuildFile; fileRef = 00EAC3742B11B54100230842 /* SearchTableViewCell.swift */; };
		00F0AAB22B160D120003214F /* DetailViewModel.swift in Sources */ = {isa = PBXBuildFile; fileRef = 00F0AAB12B160D120003214F /* DetailViewModel.swift */; };
		00F0AAB42B162E660003214F /* TodayWeatherForecasts.swift in Sources */ = {isa = PBXBuildFile; fileRef = 00F0AAB32B162E660003214F /* TodayWeatherForecasts.swift */; };
		00F0AAB62B1638460003214F /* String+Extensinos.swift in Sources */ = {isa = PBXBuildFile; fileRef = 00F0AAB52B1638460003214F /* String+Extensinos.swift */; };
		476B89DEC2036F76B11596B1 /* Pods_TodayWeatherTests.framework in Frameworks */ = {isa = PBXBuildFile; fileRef = A2989AAB6F5B6DEE4E5D5E9E /* Pods_TodayWeatherTests.framework */; };
		4E8967B367DCF037DAA6741A /* Pods_TodayWeather_TodayWeatherUITests.framework in Frameworks */ = {isa = PBXBuildFile; fileRef = 8730360EAEB0C37BED4877E5 /* Pods_TodayWeather_TodayWeatherUITests.framework */; };
		7FDFA50FB2701609474E3463 /* Pods_TodayWeather.framework in Frameworks */ = {isa = PBXBuildFile; fileRef = FF8E9A83D6359F669A91D563 /* Pods_TodayWeather.framework */; };
/* End PBXBuildFile section */

/* Begin PBXContainerItemProxy section */
		007C6F972B0B8F4F0035BD38 /* PBXContainerItemProxy */ = {
			isa = PBXContainerItemProxy;
			containerPortal = 007C6F782B0B8F4E0035BD38 /* Project object */;
			proxyType = 1;
			remoteGlobalIDString = 007C6F7F2B0B8F4E0035BD38;
			remoteInfo = TodayWeather;
		};
		007C6FA12B0B8F4F0035BD38 /* PBXContainerItemProxy */ = {
			isa = PBXContainerItemProxy;
			containerPortal = 007C6F782B0B8F4E0035BD38 /* Project object */;
			proxyType = 1;
			remoteGlobalIDString = 007C6F7F2B0B8F4E0035BD38;
			remoteInfo = TodayWeather;
		};
/* End PBXContainerItemProxy section */

/* Begin PBXFileReference section */
		00078C6B2B0F12930035A466 /* TodayWeatherCollectionView.swift */ = {isa = PBXFileReference; lastKnownFileType = sourcecode.swift; path = TodayWeatherCollectionView.swift; sourceTree = "<group>"; };
		00078C6E2B0F1B180035A466 /* TodayWeatherDetailCollectionViewHeaderView.swift */ = {isa = PBXFileReference; lastKnownFileType = sourcecode.swift; path = TodayWeatherDetailCollectionViewHeaderView.swift; sourceTree = "<group>"; };
		003084BB2B16EF2000D7A22D /* TodayWeatherDataSection.swift */ = {isa = PBXFileReference; lastKnownFileType = sourcecode.swift; path = TodayWeatherDataSection.swift; sourceTree = "<group>"; };
		003084BF2B170A5700D7A22D /* Property List.plist */ = {isa = PBXFileReference; lastKnownFileType = text.plist.xml; path = "Property List.plist"; sourceTree = "<group>"; };
		003084C12B170BEA00D7A22D /* TemperatureForecastService.swift */ = {isa = PBXFileReference; lastKnownFileType = sourcecode.swift; path = TemperatureForecastService.swift; sourceTree = "<group>"; };
		003084C42B170DA300D7A22D /* TemperatureForecastRequestModel.swift */ = {isa = PBXFileReference; lastKnownFileType = sourcecode.swift; path = TemperatureForecastRequestModel.swift; sourceTree = "<group>"; };
		003084C62B170F3A00D7A22D /* TemperatureForecastResponseModel.swift */ = {isa = PBXFileReference; lastKnownFileType = sourcecode.swift; path = TemperatureForecastResponseModel.swift; sourceTree = "<group>"; };
		0031E9782B1839C600259EC2 /* SkyConditionForecastService.swift */ = {isa = PBXFileReference; lastKnownFileType = sourcecode.swift; path = SkyConditionForecastService.swift; sourceTree = "<group>"; };
		0031E97A2B1839FD00259EC2 /* SkyConditionForecastRequestModel.swift */ = {isa = PBXFileReference; lastKnownFileType = sourcecode.swift; path = SkyConditionForecastRequestModel.swift; sourceTree = "<group>"; };
		0031E97C2B183A7600259EC2 /* SkyConditionResponseModel.swift */ = {isa = PBXFileReference; lastKnownFileType = sourcecode.swift; path = SkyConditionResponseModel.swift; sourceTree = "<group>"; };
		0031E97F2B18B31A00259EC2 /* SearchViewModel.swift */ = {isa = PBXFileReference; lastKnownFileType = sourcecode.swift; path = SearchViewModel.swift; sourceTree = "<group>"; };
		003447CA2B1C3BBE00B1D24F /* DailyWeatherForecastService.swift */ = {isa = PBXFileReference; lastKnownFileType = sourcecode.swift; path = DailyWeatherForecastService.swift; sourceTree = "<group>"; };
		003447CC2B1C3D2C00B1D24F /* DailyWeatherForecastRequestModel.swift */ = {isa = PBXFileReference; lastKnownFileType = sourcecode.swift; path = DailyWeatherForecastRequestModel.swift; sourceTree = "<group>"; };
		003447CE2B1C3E8B00B1D24F /* DailyWeatherForecastResponseModel.swift */ = {isa = PBXFileReference; lastKnownFileType = sourcecode.swift; path = DailyWeatherForecastResponseModel.swift; sourceTree = "<group>"; };
		003447D02B1C4FDB00B1D24F /* InfoWindowContents.swift */ = {isa = PBXFileReference; lastKnownFileType = sourcecode.swift; path = InfoWindowContents.swift; sourceTree = "<group>"; };
		004148532B0E270D005C14D6 /* DetailViewController.swift */ = {isa = PBXFileReference; lastKnownFileType = sourcecode.swift; path = DetailViewController.swift; sourceTree = "<group>"; };
		0041485B2B0E3F3A005C14D6 /* TodayWeatherDetailCollectionViewCell.swift */ = {isa = PBXFileReference; lastKnownFileType = sourcecode.swift; path = TodayWeatherDetailCollectionViewCell.swift; sourceTree = "<group>"; };
		005035692B159C1700F8B7F2 /* Reactive+Extensions.swift */ = {isa = PBXFileReference; lastKnownFileType = sourcecode.swift; path = "Reactive+Extensions.swift"; sourceTree = "<group>"; };
		0050356B2B15BE7C00F8B7F2 /* AddressResponseModel.swift */ = {isa = PBXFileReference; lastKnownFileType = sourcecode.swift; path = AddressResponseModel.swift; sourceTree = "<group>"; };
		0050356D2B15C0F800F8B7F2 /* KoreanAddressService.swift */ = {isa = PBXFileReference; lastKnownFileType = sourcecode.swift; path = KoreanAddressService.swift; sourceTree = "<group>"; };
		0050356F2B15C2A900F8B7F2 /* AddressRequestModel.swift */ = {isa = PBXFileReference; lastKnownFileType = sourcecode.swift; path = AddressRequestModel.swift; sourceTree = "<group>"; };
		005035722B15D93000F8B7F2 /* ConvertXY.swift */ = {isa = PBXFileReference; lastKnownFileType = sourcecode.swift; path = ConvertXY.swift; sourceTree = "<group>"; };
		007B16202B1AF04700E284AA /* RecentlySearchedAddressModel.swift */ = {isa = PBXFileReference; lastKnownFileType = sourcecode.swift; path = RecentlySearchedAddressModel.swift; sourceTree = "<group>"; };
		007B16242B1AF34A00E284AA /* RecentlySearchedAddressService.swift */ = {isa = PBXFileReference; lastKnownFileType = sourcecode.swift; path = RecentlySearchedAddressService.swift; sourceTree = "<group>"; };
		007C0A592B0C5823007A4591 /* Assets.swift */ = {isa = PBXFileReference; lastKnownFileType = sourcecode.swift; path = Assets.swift; sourceTree = "<group>"; };
		007C0A5B2B0C594F007A4591 /* TodayWeatherInfoStackView.swift */ = {isa = PBXFileReference; lastKnownFileType = sourcecode.swift; path = TodayWeatherInfoStackView.swift; sourceTree = "<group>"; };
		007C0A5D2B0C5BB9007A4591 /* WeatherConditionCustomStackView.swift */ = {isa = PBXFileReference; lastKnownFileType = sourcecode.swift; path = WeatherConditionCustomStackView.swift; sourceTree = "<group>"; };
		007C0A612B0C862F007A4591 /* UIButton+Extensions.swift */ = {isa = PBXFileReference; lastKnownFileType = sourcecode.swift; path = "UIButton+Extensions.swift"; sourceTree = "<group>"; };
		007C6F802B0B8F4E0035BD38 /* TodayWeather.app */ = {isa = PBXFileReference; explicitFileType = wrapper.application; includeInIndex = 0; path = TodayWeather.app; sourceTree = BUILT_PRODUCTS_DIR; };
		007C6F832B0B8F4E0035BD38 /* AppDelegate.swift */ = {isa = PBXFileReference; lastKnownFileType = sourcecode.swift; path = AppDelegate.swift; sourceTree = "<group>"; };
		007C6F852B0B8F4E0035BD38 /* SceneDelegate.swift */ = {isa = PBXFileReference; lastKnownFileType = sourcecode.swift; path = SceneDelegate.swift; sourceTree = "<group>"; };
		007C6F872B0B8F4E0035BD38 /* HomeViewController.swift */ = {isa = PBXFileReference; lastKnownFileType = sourcecode.swift; path = HomeViewController.swift; sourceTree = "<group>"; };
		007C6F8C2B0B8F4F0035BD38 /* Assets.xcassets */ = {isa = PBXFileReference; lastKnownFileType = folder.assetcatalog; path = Assets.xcassets; sourceTree = "<group>"; };
		007C6F8F2B0B8F4F0035BD38 /* Base */ = {isa = PBXFileReference; lastKnownFileType = file.storyboard; name = Base; path = Base.lproj/LaunchScreen.storyboard; sourceTree = "<group>"; };
		007C6F912B0B8F4F0035BD38 /* Info.plist */ = {isa = PBXFileReference; lastKnownFileType = text.plist.xml; path = Info.plist; sourceTree = "<group>"; };
		007C6F962B0B8F4F0035BD38 /* TodayWeatherTests.xctest */ = {isa = PBXFileReference; explicitFileType = wrapper.cfbundle; includeInIndex = 0; path = TodayWeatherTests.xctest; sourceTree = BUILT_PRODUCTS_DIR; };
		007C6F9A2B0B8F4F0035BD38 /* TodayWeatherTests.swift */ = {isa = PBXFileReference; lastKnownFileType = sourcecode.swift; path = TodayWeatherTests.swift; sourceTree = "<group>"; };
		007C6FA02B0B8F4F0035BD38 /* TodayWeatherUITests.xctest */ = {isa = PBXFileReference; explicitFileType = wrapper.cfbundle; includeInIndex = 0; path = TodayWeatherUITests.xctest; sourceTree = BUILT_PRODUCTS_DIR; };
		007C6FA42B0B8F4F0035BD38 /* TodayWeatherUITests.swift */ = {isa = PBXFileReference; lastKnownFileType = sourcecode.swift; path = TodayWeatherUITests.swift; sourceTree = "<group>"; };
		007C6FA62B0B8F4F0035BD38 /* TodayWeatherUITestsLaunchTests.swift */ = {isa = PBXFileReference; lastKnownFileType = sourcecode.swift; path = TodayWeatherUITestsLaunchTests.swift; sourceTree = "<group>"; };
		007C6FB82B0BA0040035BD38 /* UIView+Extensions.swift */ = {isa = PBXFileReference; lastKnownFileType = sourcecode.swift; path = "UIView+Extensions.swift"; sourceTree = "<group>"; };
		007C6FBB2B0BA1640035BD38 /* Colors.swift */ = {isa = PBXFileReference; lastKnownFileType = sourcecode.swift; path = Colors.swift; sourceTree = "<group>"; };
		00A2B6A92B0F596200ACF23A /* NextForecastTableViewCell.swift */ = {isa = PBXFileReference; lastKnownFileType = sourcecode.swift; path = NextForecastTableViewCell.swift; sourceTree = "<group>"; };
		00A2B6AB2B0F5BC000ACF23A /* NextForecastHeaderView.swift */ = {isa = PBXFileReference; lastKnownFileType = sourcecode.swift; path = NextForecastHeaderView.swift; sourceTree = "<group>"; };
		00A2B6AD2B0F894900ACF23A /* NextForecastTableView.swift */ = {isa = PBXFileReference; lastKnownFileType = sourcecode.swift; path = NextForecastTableView.swift; sourceTree = "<group>"; };
		00B04DB02B19843C00CA255E /* GeolocationResponseModel.swift */ = {isa = PBXFileReference; lastKnownFileType = sourcecode.swift; path = GeolocationResponseModel.swift; sourceTree = "<group>"; };
		00B04DB32B19906800CA255E /* SearchDataSection.swift */ = {isa = PBXFileReference; lastKnownFileType = sourcecode.swift; path = SearchDataSection.swift; sourceTree = "<group>"; };
		00B04DB52B1991A700CA255E /* SearchedRegion.swift */ = {isa = PBXFileReference; lastKnownFileType = sourcecode.swift; path = SearchedRegion.swift; sourceTree = "<group>"; };
		00BB70162B19606C00DEE301 /* GeolocationService.swift */ = {isa = PBXFileReference; lastKnownFileType = sourcecode.swift; path = GeolocationService.swift; sourceTree = "<group>"; };
		00BB70192B19611900DEE301 /* GeolocationRequestModel.swift */ = {isa = PBXFileReference; lastKnownFileType = sourcecode.swift; path = GeolocationRequestModel.swift; sourceTree = "<group>"; };
		00C75D002B107D6F0072DCB9 /* NotificationViewController.swift */ = {isa = PBXFileReference; lastKnownFileType = sourcecode.swift; path = NotificationViewController.swift; sourceTree = "<group>"; };
		00C75D022B1093700072DCB9 /* NotificationTableViewCell.swift */ = {isa = PBXFileReference; lastKnownFileType = sourcecode.swift; path = NotificationTableViewCell.swift; sourceTree = "<group>"; };
		00E59AB22B1F1143000E97D6 /* Int+Extensions.swift */ = {isa = PBXFileReference; lastKnownFileType = sourcecode.swift; path = "Int+Extensions.swift"; sourceTree = "<group>"; };
		00E773332B1488A800684566 /* HomeViewModel.swift */ = {isa = PBXFileReference; lastKnownFileType = sourcecode.swift; path = HomeViewModel.swift; sourceTree = "<group>"; };
		00E773362B14949400684566 /* RealtimeForecastRequestModel.swift */ = {isa = PBXFileReference; lastKnownFileType = sourcecode.swift; path = RealtimeForecastRequestModel.swift; sourceTree = "<group>"; };
		00E773392B1497C900684566 /* RealtimeForcastService.swift */ = {isa = PBXFileReference; lastKnownFileType = sourcecode.swift; path = RealtimeForcastService.swift; sourceTree = "<group>"; };
		00E7733B2B14A8BF00684566 /* RealtimeForecastResponseModel.swift */ = {isa = PBXFileReference; lastKnownFileType = sourcecode.swift; path = RealtimeForecastResponseModel.swift; sourceTree = "<group>"; };
		00E7733D2B14C81C00684566 /* Date+Extensions.swift */ = {isa = PBXFileReference; lastKnownFileType = sourcecode.swift; path = "Date+Extensions.swift"; sourceTree = "<group>"; };
		00E773412B14F1BA00684566 /* WeatherConditionOfCurrentLocation.swift */ = {isa = PBXFileReference; lastKnownFileType = sourcecode.swift; path = WeatherConditionOfCurrentLocation.swift; sourceTree = "<group>"; };
		00EAC3722B1189A400230842 /* SearchViewController.swift */ = {isa = PBXFileReference; lastKnownFileType = sourcecode.swift; path = SearchViewController.swift; sourceTree = "<group>"; };
		00EAC3742B11B54100230842 /* SearchTableViewCell.swift */ = {isa = PBXFileReference; lastKnownFileType = sourcecode.swift; path = SearchTableViewCell.swift; sourceTree = "<group>"; };
		00F0AAB12B160D120003214F /* DetailViewModel.swift */ = {isa = PBXFileReference; lastKnownFileType = sourcecode.swift; path = DetailViewModel.swift; sourceTree = "<group>"; };
		00F0AAB32B162E660003214F /* TodayWeatherForecasts.swift */ = {isa = PBXFileReference; lastKnownFileType = sourcecode.swift; path = TodayWeatherForecasts.swift; sourceTree = "<group>"; };
		00F0AAB52B1638460003214F /* String+Extensinos.swift */ = {isa = PBXFileReference; lastKnownFileType = sourcecode.swift; path = "String+Extensinos.swift"; sourceTree = "<group>"; };
		67A0C893E658532FC15B9CE9 /* Pods-TodayWeather.debug.xcconfig */ = {isa = PBXFileReference; includeInIndex = 1; lastKnownFileType = text.xcconfig; name = "Pods-TodayWeather.debug.xcconfig"; path = "Target Support Files/Pods-TodayWeather/Pods-TodayWeather.debug.xcconfig"; sourceTree = "<group>"; };
		8730360EAEB0C37BED4877E5 /* Pods_TodayWeather_TodayWeatherUITests.framework */ = {isa = PBXFileReference; explicitFileType = wrapper.framework; includeInIndex = 0; path = Pods_TodayWeather_TodayWeatherUITests.framework; sourceTree = BUILT_PRODUCTS_DIR; };
		892D7F31A143C56450C318C2 /* Pods-TodayWeather-TodayWeatherUITests.release.xcconfig */ = {isa = PBXFileReference; includeInIndex = 1; lastKnownFileType = text.xcconfig; name = "Pods-TodayWeather-TodayWeatherUITests.release.xcconfig"; path = "Target Support Files/Pods-TodayWeather-TodayWeatherUITests/Pods-TodayWeather-TodayWeatherUITests.release.xcconfig"; sourceTree = "<group>"; };
		8D5A54DF6EE3168F127B2FAF /* Pods-TodayWeather-TodayWeatherUITests.debug.xcconfig */ = {isa = PBXFileReference; includeInIndex = 1; lastKnownFileType = text.xcconfig; name = "Pods-TodayWeather-TodayWeatherUITests.debug.xcconfig"; path = "Target Support Files/Pods-TodayWeather-TodayWeatherUITests/Pods-TodayWeather-TodayWeatherUITests.debug.xcconfig"; sourceTree = "<group>"; };
		980EC611C2EB8D7022339029 /* Pods-TodayWeatherTests.debug.xcconfig */ = {isa = PBXFileReference; includeInIndex = 1; lastKnownFileType = text.xcconfig; name = "Pods-TodayWeatherTests.debug.xcconfig"; path = "Target Support Files/Pods-TodayWeatherTests/Pods-TodayWeatherTests.debug.xcconfig"; sourceTree = "<group>"; };
		A2989AAB6F5B6DEE4E5D5E9E /* Pods_TodayWeatherTests.framework */ = {isa = PBXFileReference; explicitFileType = wrapper.framework; includeInIndex = 0; path = Pods_TodayWeatherTests.framework; sourceTree = BUILT_PRODUCTS_DIR; };
		B7761FD9AE55FB1B95E6860F /* Pods-TodayWeatherTests.release.xcconfig */ = {isa = PBXFileReference; includeInIndex = 1; lastKnownFileType = text.xcconfig; name = "Pods-TodayWeatherTests.release.xcconfig"; path = "Target Support Files/Pods-TodayWeatherTests/Pods-TodayWeatherTests.release.xcconfig"; sourceTree = "<group>"; };
		EBF5BC9D1970CDDDEEDA8360 /* Pods-TodayWeather.release.xcconfig */ = {isa = PBXFileReference; includeInIndex = 1; lastKnownFileType = text.xcconfig; name = "Pods-TodayWeather.release.xcconfig"; path = "Target Support Files/Pods-TodayWeather/Pods-TodayWeather.release.xcconfig"; sourceTree = "<group>"; };
		FF8E9A83D6359F669A91D563 /* Pods_TodayWeather.framework */ = {isa = PBXFileReference; explicitFileType = wrapper.framework; includeInIndex = 0; path = Pods_TodayWeather.framework; sourceTree = BUILT_PRODUCTS_DIR; };
/* End PBXFileReference section */

/* Begin PBXFrameworksBuildPhase section */
		007C6F7D2B0B8F4E0035BD38 /* Frameworks */ = {
			isa = PBXFrameworksBuildPhase;
			buildActionMask = 2147483647;
			files = (
				003989BC2B1F7E1F007CFD53 /* RealmSwift in Frameworks */,
				003989BA2B1F7E1F007CFD53 /* Realm in Frameworks */,
				00677A262B1F79F10015F34D /* RxCocoa in Frameworks */,
				00677A2B2B1F7A5E0015F34D /* Differentiator in Frameworks */,
				00677A232B1F79370015F34D /* Alamofire in Frameworks */,
				00677A2D2B1F7A5E0015F34D /* RxDataSources in Frameworks */,
				003989BF2B1F7EDE007CFD53 /* RxRealm in Frameworks */,
				00677A282B1F79F10015F34D /* RxSwift in Frameworks */,
				7FDFA50FB2701609474E3463 /* Pods_TodayWeather.framework in Frameworks */,
				003989C22B1F7F5A007CFD53 /* SnapKit in Frameworks */,
			);
			runOnlyForDeploymentPostprocessing = 0;
		};
		007C6F932B0B8F4F0035BD38 /* Frameworks */ = {
			isa = PBXFrameworksBuildPhase;
			buildActionMask = 2147483647;
			files = (
				476B89DEC2036F76B11596B1 /* Pods_TodayWeatherTests.framework in Frameworks */,
			);
			runOnlyForDeploymentPostprocessing = 0;
		};
		007C6F9D2B0B8F4F0035BD38 /* Frameworks */ = {
			isa = PBXFrameworksBuildPhase;
			buildActionMask = 2147483647;
			files = (
				4E8967B367DCF037DAA6741A /* Pods_TodayWeather_TodayWeatherUITests.framework in Frameworks */,
			);
			runOnlyForDeploymentPostprocessing = 0;
		};
/* End PBXFrameworksBuildPhase section */

/* Begin PBXGroup section */
		00078C702B0F22B00035A466 /* TodayWeather */ = {
			isa = PBXGroup;
			children = (
				0041485B2B0E3F3A005C14D6 /* TodayWeatherDetailCollectionViewCell.swift */,
				00078C6B2B0F12930035A466 /* TodayWeatherCollectionView.swift */,
				00078C6E2B0F1B180035A466 /* TodayWeatherDetailCollectionViewHeaderView.swift */,
			);
			path = TodayWeather;
			sourceTree = "<group>";
		};
		003084BD2B16F16D00D7A22D /* TodayWeatherCollectionViewDataSource */ = {
			isa = PBXGroup;
			children = (
				003084BB2B16EF2000D7A22D /* TodayWeatherDataSection.swift */,
			);
			path = TodayWeatherCollectionViewDataSource;
			sourceTree = "<group>";
		};
		003084BE2B170A2400D7A22D /* Resources */ = {
			isa = PBXGroup;
			children = (
				007C6F8C2B0B8F4F0035BD38 /* Assets.xcassets */,
				007C6F8E2B0B8F4F0035BD38 /* LaunchScreen.storyboard */,
				003084BF2B170A5700D7A22D /* Property List.plist */,
			);
			path = Resources;
			sourceTree = "<group>";
		};
		003084C32B170D8400D7A22D /* Detail */ = {
			isa = PBXGroup;
			children = (
				003084C42B170DA300D7A22D /* TemperatureForecastRequestModel.swift */,
				003084C62B170F3A00D7A22D /* TemperatureForecastResponseModel.swift */,
				0031E97A2B1839FD00259EC2 /* SkyConditionForecastRequestModel.swift */,
				0031E97C2B183A7600259EC2 /* SkyConditionResponseModel.swift */,
			);
			path = Detail;
			sourceTree = "<group>";
		};
		0031E97E2B18B30400259EC2 /* Search */ = {
			isa = PBXGroup;
			children = (
				0031E97F2B18B31A00259EC2 /* SearchViewModel.swift */,
				00B04DB52B1991A700CA255E /* SearchedRegion.swift */,
				003447D02B1C4FDB00B1D24F /* InfoWindowContents.swift */,
				00B04DB22B198FF900CA255E /* SearchTableViewDataSource */,
			);
			path = Search;
			sourceTree = "<group>";
		};
		004148522B0E26EE005C14D6 /* Detail */ = {
			isa = PBXGroup;
			children = (
				004148532B0E270D005C14D6 /* DetailViewController.swift */,
				00078C702B0F22B00035A466 /* TodayWeather */,
				00A2B6A62B0F585E00ACF23A /* NextForecast */,
			);
			path = Detail;
			sourceTree = "<group>";
		};
		005035712B15D91800F8B7F2 /* Helpers */ = {
			isa = PBXGroup;
			children = (
				005035722B15D93000F8B7F2 /* ConvertXY.swift */,
			);
			path = Helpers;
			sourceTree = "<group>";
		};
		007090242B0C89C3006DAD5C /* Home */ = {
			isa = PBXGroup;
			children = (
				007C6F872B0B8F4E0035BD38 /* HomeViewController.swift */,
				007C0A5B2B0C594F007A4591 /* TodayWeatherInfoStackView.swift */,
				007C0A5D2B0C5BB9007A4591 /* WeatherConditionCustomStackView.swift */,
			);
			path = Home;
			sourceTree = "<group>";
		};
		007B16222B1AF2B900E284AA /* NetworkServices */ = {
			isa = PBXGroup;
			children = (
				00E773392B1497C900684566 /* RealtimeForcastService.swift */,
				0050356D2B15C0F800F8B7F2 /* KoreanAddressService.swift */,
				003084C12B170BEA00D7A22D /* TemperatureForecastService.swift */,
				0031E9782B1839C600259EC2 /* SkyConditionForecastService.swift */,
				00BB70162B19606C00DEE301 /* GeolocationService.swift */,
				003447CA2B1C3BBE00B1D24F /* DailyWeatherForecastService.swift */,
			);
			path = NetworkServices;
			sourceTree = "<group>";
		};
		007B16232B1AF2C500E284AA /* InMemoryServices */ = {
			isa = PBXGroup;
			children = (
				007B16242B1AF34A00E284AA /* RecentlySearchedAddressService.swift */,
			);
			path = InMemoryServices;
			sourceTree = "<group>";
		};
		007C6F772B0B8F4E0035BD38 = {
			isa = PBXGroup;
			children = (
				007C6F822B0B8F4E0035BD38 /* TodayWeather */,
				007C6F992B0B8F4F0035BD38 /* TodayWeatherTests */,
				007C6FA32B0B8F4F0035BD38 /* TodayWeatherUITests */,
				007C6F812B0B8F4E0035BD38 /* Products */,
				D3C1451423AD86713AC6C547 /* Pods */,
				AE41F0ED105710A8271320C9 /* Frameworks */,
			);
			sourceTree = "<group>";
		};
		007C6F812B0B8F4E0035BD38 /* Products */ = {
			isa = PBXGroup;
			children = (
				007C6F802B0B8F4E0035BD38 /* TodayWeather.app */,
				007C6F962B0B8F4F0035BD38 /* TodayWeatherTests.xctest */,
				007C6FA02B0B8F4F0035BD38 /* TodayWeatherUITests.xctest */,
			);
			name = Products;
			sourceTree = "<group>";
		};
		007C6F822B0B8F4E0035BD38 /* TodayWeather */ = {
			isa = PBXGroup;
			children = (
				007C6F832B0B8F4E0035BD38 /* AppDelegate.swift */,
				007C6F852B0B8F4E0035BD38 /* SceneDelegate.swift */,
				005035712B15D91800F8B7F2 /* Helpers */,
				007C6FBA2B0BA1570035BD38 /* Common */,
				007C6FB72B0B9FE70035BD38 /* Extensions */,
				00E773382B14977200684566 /* Services */,
				007C6FB52B0B92DE0035BD38 /* ViewModels */,
				007C6FB42B0B92D60035BD38 /* Views */,
				007C6FB32B0B92C60035BD38 /* Models */,
				003084BE2B170A2400D7A22D /* Resources */,
				007C6F912B0B8F4F0035BD38 /* Info.plist */,
			);
			path = TodayWeather;
			sourceTree = "<group>";
		};
		007C6F992B0B8F4F0035BD38 /* TodayWeatherTests */ = {
			isa = PBXGroup;
			children = (
				007C6F9A2B0B8F4F0035BD38 /* TodayWeatherTests.swift */,
			);
			path = TodayWeatherTests;
			sourceTree = "<group>";
		};
		007C6FA32B0B8F4F0035BD38 /* TodayWeatherUITests */ = {
			isa = PBXGroup;
			children = (
				007C6FA42B0B8F4F0035BD38 /* TodayWeatherUITests.swift */,
				007C6FA62B0B8F4F0035BD38 /* TodayWeatherUITestsLaunchTests.swift */,
			);
			path = TodayWeatherUITests;
			sourceTree = "<group>";
		};
		007C6FB32B0B92C60035BD38 /* Models */ = {
			isa = PBXGroup;
			children = (
				00BB70182B19610100DEE301 /* Search */,
				003084C32B170D8400D7A22D /* Detail */,
				00E773352B14932B00684566 /* Home */,
			);
			path = Models;
			sourceTree = "<group>";
		};
		007C6FB42B0B92D60035BD38 /* Views */ = {
			isa = PBXGroup;
			children = (
				00EAC3712B11899700230842 /* Search */,
				00C75CFF2B107CB90072DCB9 /* Notification */,
				004148522B0E26EE005C14D6 /* Detail */,
				007090242B0C89C3006DAD5C /* Home */,
			);
			path = Views;
			sourceTree = "<group>";
		};
		007C6FB52B0B92DE0035BD38 /* ViewModels */ = {
			isa = PBXGroup;
			children = (
				0031E97E2B18B30400259EC2 /* Search */,
				00F0AAB02B160CF30003214F /* Detail */,
				00E773402B14F17400684566 /* Home */,
			);
			path = ViewModels;
			sourceTree = "<group>";
		};
		007C6FB72B0B9FE70035BD38 /* Extensions */ = {
			isa = PBXGroup;
			children = (
				007C6FB82B0BA0040035BD38 /* UIView+Extensions.swift */,
				007C0A612B0C862F007A4591 /* UIButton+Extensions.swift */,
				00E7733D2B14C81C00684566 /* Date+Extensions.swift */,
				005035692B159C1700F8B7F2 /* Reactive+Extensions.swift */,
				00F0AAB52B1638460003214F /* String+Extensinos.swift */,
				00E59AB22B1F1143000E97D6 /* Int+Extensions.swift */,
			);
			path = Extensions;
			sourceTree = "<group>";
		};
		007C6FBA2B0BA1570035BD38 /* Common */ = {
			isa = PBXGroup;
			children = (
				007C6FBB2B0BA1640035BD38 /* Colors.swift */,
				007C0A592B0C5823007A4591 /* Assets.swift */,
			);
			path = Common;
			sourceTree = "<group>";
		};
		00A2B6A62B0F585E00ACF23A /* NextForecast */ = {
			isa = PBXGroup;
			children = (
				00A2B6A92B0F596200ACF23A /* NextForecastTableViewCell.swift */,
				00A2B6AB2B0F5BC000ACF23A /* NextForecastHeaderView.swift */,
				00A2B6AD2B0F894900ACF23A /* NextForecastTableView.swift */,
			);
			path = NextForecast;
			sourceTree = "<group>";
		};
		00B04DB22B198FF900CA255E /* SearchTableViewDataSource */ = {
			isa = PBXGroup;
			children = (
				00B04DB32B19906800CA255E /* SearchDataSection.swift */,
			);
			path = SearchTableViewDataSource;
			sourceTree = "<group>";
		};
		00BB70182B19610100DEE301 /* Search */ = {
			isa = PBXGroup;
			children = (
				00BB70192B19611900DEE301 /* GeolocationRequestModel.swift */,
				00B04DB02B19843C00CA255E /* GeolocationResponseModel.swift */,
				007B16202B1AF04700E284AA /* RecentlySearchedAddressModel.swift */,
				003447CC2B1C3D2C00B1D24F /* DailyWeatherForecastRequestModel.swift */,
				003447CE2B1C3E8B00B1D24F /* DailyWeatherForecastResponseModel.swift */,
			);
			path = Search;
			sourceTree = "<group>";
		};
		00C75CFF2B107CB90072DCB9 /* Notification */ = {
			isa = PBXGroup;
			children = (
				00C75D002B107D6F0072DCB9 /* NotificationViewController.swift */,
				00C75D022B1093700072DCB9 /* NotificationTableViewCell.swift */,
			);
			path = Notification;
			sourceTree = "<group>";
		};
		00E773352B14932B00684566 /* Home */ = {
			isa = PBXGroup;
			children = (
				00E773362B14949400684566 /* RealtimeForecastRequestModel.swift */,
				00E7733B2B14A8BF00684566 /* RealtimeForecastResponseModel.swift */,
				0050356F2B15C2A900F8B7F2 /* AddressRequestModel.swift */,
				0050356B2B15BE7C00F8B7F2 /* AddressResponseModel.swift */,
			);
			path = Home;
			sourceTree = "<group>";
		};
		00E773382B14977200684566 /* Services */ = {
			isa = PBXGroup;
			children = (
				007B16232B1AF2C500E284AA /* InMemoryServices */,
				007B16222B1AF2B900E284AA /* NetworkServices */,
			);
			path = Services;
			sourceTree = "<group>";
		};
		00E773402B14F17400684566 /* Home */ = {
			isa = PBXGroup;
			children = (
				00E773332B1488A800684566 /* HomeViewModel.swift */,
				00E773412B14F1BA00684566 /* WeatherConditionOfCurrentLocation.swift */,
			);
			path = Home;
			sourceTree = "<group>";
		};
		00EAC3712B11899700230842 /* Search */ = {
			isa = PBXGroup;
			children = (
				00EAC3722B1189A400230842 /* SearchViewController.swift */,
				00EAC3742B11B54100230842 /* SearchTableViewCell.swift */,
			);
			path = Search;
			sourceTree = "<group>";
		};
		00F0AAB02B160CF30003214F /* Detail */ = {
			isa = PBXGroup;
			children = (
				00F0AAB12B160D120003214F /* DetailViewModel.swift */,
				00F0AAB32B162E660003214F /* TodayWeatherForecasts.swift */,
				003084BD2B16F16D00D7A22D /* TodayWeatherCollectionViewDataSource */,
			);
			path = Detail;
			sourceTree = "<group>";
		};
		AE41F0ED105710A8271320C9 /* Frameworks */ = {
			isa = PBXGroup;
			children = (
				FF8E9A83D6359F669A91D563 /* Pods_TodayWeather.framework */,
				8730360EAEB0C37BED4877E5 /* Pods_TodayWeather_TodayWeatherUITests.framework */,
				A2989AAB6F5B6DEE4E5D5E9E /* Pods_TodayWeatherTests.framework */,
			);
			name = Frameworks;
			sourceTree = "<group>";
		};
		D3C1451423AD86713AC6C547 /* Pods */ = {
			isa = PBXGroup;
			children = (
				67A0C893E658532FC15B9CE9 /* Pods-TodayWeather.debug.xcconfig */,
				EBF5BC9D1970CDDDEEDA8360 /* Pods-TodayWeather.release.xcconfig */,
				8D5A54DF6EE3168F127B2FAF /* Pods-TodayWeather-TodayWeatherUITests.debug.xcconfig */,
				892D7F31A143C56450C318C2 /* Pods-TodayWeather-TodayWeatherUITests.release.xcconfig */,
				980EC611C2EB8D7022339029 /* Pods-TodayWeatherTests.debug.xcconfig */,
				B7761FD9AE55FB1B95E6860F /* Pods-TodayWeatherTests.release.xcconfig */,
			);
			path = Pods;
			sourceTree = "<group>";
		};
/* End PBXGroup section */

/* Begin PBXNativeTarget section */
		007C6F7F2B0B8F4E0035BD38 /* TodayWeather */ = {
			isa = PBXNativeTarget;
			buildConfigurationList = 007C6FAA2B0B8F4F0035BD38 /* Build configuration list for PBXNativeTarget "TodayWeather" */;
			buildPhases = (
				AAD43DE5AA17B8D26DFFC9C7 /* [CP] Check Pods Manifest.lock */,
				007C6F7C2B0B8F4E0035BD38 /* Sources */,
				007C6F7D2B0B8F4E0035BD38 /* Frameworks */,
				007C6F7E2B0B8F4E0035BD38 /* Resources */,
				866A36627F4647092276B0A1 /* [CP] Embed Pods Frameworks */,
			);
			buildRules = (
			);
			dependencies = (
			);
			name = TodayWeather;
			packageProductDependencies = (
				00677A222B1F79370015F34D /* Alamofire */,
				00677A252B1F79F10015F34D /* RxCocoa */,
				00677A272B1F79F10015F34D /* RxSwift */,
				00677A2A2B1F7A5E0015F34D /* Differentiator */,
				00677A2C2B1F7A5E0015F34D /* RxDataSources */,
				003989B92B1F7E1F007CFD53 /* Realm */,
				003989BB2B1F7E1F007CFD53 /* RealmSwift */,
				003989BE2B1F7EDE007CFD53 /* RxRealm */,
				003989C12B1F7F5A007CFD53 /* SnapKit */,
			);
			productName = TodayWeather;
			productReference = 007C6F802B0B8F4E0035BD38 /* TodayWeather.app */;
			productType = "com.apple.product-type.application";
		};
		007C6F952B0B8F4F0035BD38 /* TodayWeatherTests */ = {
			isa = PBXNativeTarget;
			buildConfigurationList = 007C6FAD2B0B8F4F0035BD38 /* Build configuration list for PBXNativeTarget "TodayWeatherTests" */;
			buildPhases = (
				B89D8A2B99BE0F6B3BFD7811 /* [CP] Check Pods Manifest.lock */,
				007C6F922B0B8F4F0035BD38 /* Sources */,
				007C6F932B0B8F4F0035BD38 /* Frameworks */,
				007C6F942B0B8F4F0035BD38 /* Resources */,
			);
			buildRules = (
			);
			dependencies = (
				007C6F982B0B8F4F0035BD38 /* PBXTargetDependency */,
			);
			name = TodayWeatherTests;
			productName = TodayWeatherTests;
			productReference = 007C6F962B0B8F4F0035BD38 /* TodayWeatherTests.xctest */;
			productType = "com.apple.product-type.bundle.unit-test";
		};
		007C6F9F2B0B8F4F0035BD38 /* TodayWeatherUITests */ = {
			isa = PBXNativeTarget;
			buildConfigurationList = 007C6FB02B0B8F4F0035BD38 /* Build configuration list for PBXNativeTarget "TodayWeatherUITests" */;
			buildPhases = (
				D13A2091BEBB4CD702E53174 /* [CP] Check Pods Manifest.lock */,
				007C6F9C2B0B8F4F0035BD38 /* Sources */,
				007C6F9D2B0B8F4F0035BD38 /* Frameworks */,
				007C6F9E2B0B8F4F0035BD38 /* Resources */,
				93E581D3AA0399EE0AD92C44 /* [CP] Embed Pods Frameworks */,
			);
			buildRules = (
			);
			dependencies = (
				007C6FA22B0B8F4F0035BD38 /* PBXTargetDependency */,
			);
			name = TodayWeatherUITests;
			productName = TodayWeatherUITests;
			productReference = 007C6FA02B0B8F4F0035BD38 /* TodayWeatherUITests.xctest */;
			productType = "com.apple.product-type.bundle.ui-testing";
		};
/* End PBXNativeTarget section */

/* Begin PBXProject section */
		007C6F782B0B8F4E0035BD38 /* Project object */ = {
			isa = PBXProject;
			attributes = {
				BuildIndependentTargetsInParallel = 1;
				LastSwiftUpdateCheck = 1430;
				LastUpgradeCheck = 1430;
				TargetAttributes = {
					007C6F7F2B0B8F4E0035BD38 = {
						CreatedOnToolsVersion = 14.3.1;
					};
					007C6F952B0B8F4F0035BD38 = {
						CreatedOnToolsVersion = 14.3.1;
						TestTargetID = 007C6F7F2B0B8F4E0035BD38;
					};
					007C6F9F2B0B8F4F0035BD38 = {
						CreatedOnToolsVersion = 14.3.1;
						TestTargetID = 007C6F7F2B0B8F4E0035BD38;
					};
				};
			};
			buildConfigurationList = 007C6F7B2B0B8F4E0035BD38 /* Build configuration list for PBXProject "TodayWeather" */;
			compatibilityVersion = "Xcode 14.0";
			developmentRegion = en;
			hasScannedForEncodings = 0;
			knownRegions = (
				en,
				Base,
			);
			mainGroup = 007C6F772B0B8F4E0035BD38;
			packageReferences = (
				00677A212B1F79370015F34D /* XCRemoteSwiftPackageReference "Alamofire" */,
				00677A242B1F79F10015F34D /* XCRemoteSwiftPackageReference "RxSwift" */,
				00677A292B1F7A5E0015F34D /* XCRemoteSwiftPackageReference "RxDataSources" */,
				003989B82B1F7E1F007CFD53 /* XCRemoteSwiftPackageReference "realm-swift" */,
				003989BD2B1F7EDE007CFD53 /* XCRemoteSwiftPackageReference "RxRealm" */,
				003989C02B1F7F5A007CFD53 /* XCRemoteSwiftPackageReference "SnapKit" */,
			);
			productRefGroup = 007C6F812B0B8F4E0035BD38 /* Products */;
			projectDirPath = "";
			projectRoot = "";
			targets = (
				007C6F7F2B0B8F4E0035BD38 /* TodayWeather */,
				007C6F952B0B8F4F0035BD38 /* TodayWeatherTests */,
				007C6F9F2B0B8F4F0035BD38 /* TodayWeatherUITests */,
			);
		};
/* End PBXProject section */

/* Begin PBXResourcesBuildPhase section */
		007C6F7E2B0B8F4E0035BD38 /* Resources */ = {
			isa = PBXResourcesBuildPhase;
			buildActionMask = 2147483647;
			files = (
				003084C02B170A5700D7A22D /* Property List.plist in Resources */,
				007C6F902B0B8F4F0035BD38 /* LaunchScreen.storyboard in Resources */,
				007C6F8D2B0B8F4F0035BD38 /* Assets.xcassets in Resources */,
			);
			runOnlyForDeploymentPostprocessing = 0;
		};
		007C6F942B0B8F4F0035BD38 /* Resources */ = {
			isa = PBXResourcesBuildPhase;
			buildActionMask = 2147483647;
			files = (
			);
			runOnlyForDeploymentPostprocessing = 0;
		};
		007C6F9E2B0B8F4F0035BD38 /* Resources */ = {
			isa = PBXResourcesBuildPhase;
			buildActionMask = 2147483647;
			files = (
			);
			runOnlyForDeploymentPostprocessing = 0;
		};
/* End PBXResourcesBuildPhase section */

/* Begin PBXShellScriptBuildPhase section */
		866A36627F4647092276B0A1 /* [CP] Embed Pods Frameworks */ = {
			isa = PBXShellScriptBuildPhase;
			buildActionMask = 2147483647;
			files = (
			);
			inputFileListPaths = (
				"${PODS_ROOT}/Target Support Files/Pods-TodayWeather/Pods-TodayWeather-frameworks-${CONFIGURATION}-input-files.xcfilelist",
			);
			name = "[CP] Embed Pods Frameworks";
			outputFileListPaths = (
				"${PODS_ROOT}/Target Support Files/Pods-TodayWeather/Pods-TodayWeather-frameworks-${CONFIGURATION}-output-files.xcfilelist",
			);
			runOnlyForDeploymentPostprocessing = 0;
			shellPath = /bin/sh;
			shellScript = "\"${PODS_ROOT}/Target Support Files/Pods-TodayWeather/Pods-TodayWeather-frameworks.sh\"\n";
			showEnvVarsInLog = 0;
		};
		93E581D3AA0399EE0AD92C44 /* [CP] Embed Pods Frameworks */ = {
			isa = PBXShellScriptBuildPhase;
			buildActionMask = 2147483647;
			files = (
			);
			inputFileListPaths = (
				"${PODS_ROOT}/Target Support Files/Pods-TodayWeather-TodayWeatherUITests/Pods-TodayWeather-TodayWeatherUITests-frameworks-${CONFIGURATION}-input-files.xcfilelist",
			);
			name = "[CP] Embed Pods Frameworks";
			outputFileListPaths = (
				"${PODS_ROOT}/Target Support Files/Pods-TodayWeather-TodayWeatherUITests/Pods-TodayWeather-TodayWeatherUITests-frameworks-${CONFIGURATION}-output-files.xcfilelist",
			);
			runOnlyForDeploymentPostprocessing = 0;
			shellPath = /bin/sh;
			shellScript = "\"${PODS_ROOT}/Target Support Files/Pods-TodayWeather-TodayWeatherUITests/Pods-TodayWeather-TodayWeatherUITests-frameworks.sh\"\n";
			showEnvVarsInLog = 0;
		};
		AAD43DE5AA17B8D26DFFC9C7 /* [CP] Check Pods Manifest.lock */ = {
			isa = PBXShellScriptBuildPhase;
			buildActionMask = 2147483647;
			files = (
			);
			inputFileListPaths = (
			);
			inputPaths = (
				"${PODS_PODFILE_DIR_PATH}/Podfile.lock",
				"${PODS_ROOT}/Manifest.lock",
			);
			name = "[CP] Check Pods Manifest.lock";
			outputFileListPaths = (
			);
			outputPaths = (
				"$(DERIVED_FILE_DIR)/Pods-TodayWeather-checkManifestLockResult.txt",
			);
			runOnlyForDeploymentPostprocessing = 0;
			shellPath = /bin/sh;
			shellScript = "diff \"${PODS_PODFILE_DIR_PATH}/Podfile.lock\" \"${PODS_ROOT}/Manifest.lock\" > /dev/null\nif [ $? != 0 ] ; then\n    # print error to STDERR\n    echo \"error: The sandbox is not in sync with the Podfile.lock. Run 'pod install' or update your CocoaPods installation.\" >&2\n    exit 1\nfi\n# This output is used by Xcode 'outputs' to avoid re-running this script phase.\necho \"SUCCESS\" > \"${SCRIPT_OUTPUT_FILE_0}\"\n";
			showEnvVarsInLog = 0;
		};
		B89D8A2B99BE0F6B3BFD7811 /* [CP] Check Pods Manifest.lock */ = {
			isa = PBXShellScriptBuildPhase;
			buildActionMask = 2147483647;
			files = (
			);
			inputFileListPaths = (
			);
			inputPaths = (
				"${PODS_PODFILE_DIR_PATH}/Podfile.lock",
				"${PODS_ROOT}/Manifest.lock",
			);
			name = "[CP] Check Pods Manifest.lock";
			outputFileListPaths = (
			);
			outputPaths = (
				"$(DERIVED_FILE_DIR)/Pods-TodayWeatherTests-checkManifestLockResult.txt",
			);
			runOnlyForDeploymentPostprocessing = 0;
			shellPath = /bin/sh;
			shellScript = "diff \"${PODS_PODFILE_DIR_PATH}/Podfile.lock\" \"${PODS_ROOT}/Manifest.lock\" > /dev/null\nif [ $? != 0 ] ; then\n    # print error to STDERR\n    echo \"error: The sandbox is not in sync with the Podfile.lock. Run 'pod install' or update your CocoaPods installation.\" >&2\n    exit 1\nfi\n# This output is used by Xcode 'outputs' to avoid re-running this script phase.\necho \"SUCCESS\" > \"${SCRIPT_OUTPUT_FILE_0}\"\n";
			showEnvVarsInLog = 0;
		};
		D13A2091BEBB4CD702E53174 /* [CP] Check Pods Manifest.lock */ = {
			isa = PBXShellScriptBuildPhase;
			buildActionMask = 2147483647;
			files = (
			);
			inputFileListPaths = (
			);
			inputPaths = (
				"${PODS_PODFILE_DIR_PATH}/Podfile.lock",
				"${PODS_ROOT}/Manifest.lock",
			);
			name = "[CP] Check Pods Manifest.lock";
			outputFileListPaths = (
			);
			outputPaths = (
				"$(DERIVED_FILE_DIR)/Pods-TodayWeather-TodayWeatherUITests-checkManifestLockResult.txt",
			);
			runOnlyForDeploymentPostprocessing = 0;
			shellPath = /bin/sh;
			shellScript = "diff \"${PODS_PODFILE_DIR_PATH}/Podfile.lock\" \"${PODS_ROOT}/Manifest.lock\" > /dev/null\nif [ $? != 0 ] ; then\n    # print error to STDERR\n    echo \"error: The sandbox is not in sync with the Podfile.lock. Run 'pod install' or update your CocoaPods installation.\" >&2\n    exit 1\nfi\n# This output is used by Xcode 'outputs' to avoid re-running this script phase.\necho \"SUCCESS\" > \"${SCRIPT_OUTPUT_FILE_0}\"\n";
			showEnvVarsInLog = 0;
		};
/* End PBXShellScriptBuildPhase section */

/* Begin PBXSourcesBuildPhase section */
		007C6F7C2B0B8F4E0035BD38 /* Sources */ = {
			isa = PBXSourcesBuildPhase;
			buildActionMask = 2147483647;
			files = (
				0031E97D2B183A7600259EC2 /* SkyConditionResponseModel.swift in Sources */,
				003447CB2B1C3BBE00B1D24F /* DailyWeatherForecastService.swift in Sources */,
				00B04DB42B19906800CA255E /* SearchDataSection.swift in Sources */,
				00E7733C2B14A8BF00684566 /* RealtimeForecastResponseModel.swift in Sources */,
				00B04DB62B1991A700CA255E /* SearchedRegion.swift in Sources */,
				00B04DB12B19843C00CA255E /* GeolocationResponseModel.swift in Sources */,
				00C75D032B1093700072DCB9 /* NotificationTableViewCell.swift in Sources */,
				007C6F882B0B8F4E0035BD38 /* HomeViewController.swift in Sources */,
				007C6FBC2B0BA1640035BD38 /* Colors.swift in Sources */,
				007C0A5E2B0C5BB9007A4591 /* WeatherConditionCustomStackView.swift in Sources */,
				00EAC3732B1189A400230842 /* SearchViewController.swift in Sources */,
				007B16252B1AF34A00E284AA /* RecentlySearchedAddressService.swift in Sources */,
				003084C52B170DA300D7A22D /* TemperatureForecastRequestModel.swift in Sources */,
				007C0A5A2B0C5823007A4591 /* Assets.swift in Sources */,
				007C0A622B0C862F007A4591 /* UIButton+Extensions.swift in Sources */,
				003447D12B1C4FDB00B1D24F /* InfoWindowContents.swift in Sources */,
				00BB701A2B19611900DEE301 /* GeolocationRequestModel.swift in Sources */,
				007C6F842B0B8F4E0035BD38 /* AppDelegate.swift in Sources */,
				005035732B15D93000F8B7F2 /* ConvertXY.swift in Sources */,
				00E7733A2B1497C900684566 /* RealtimeForcastService.swift in Sources */,
				00078C6C2B0F12930035A466 /* TodayWeatherCollectionView.swift in Sources */,
				00EAC3752B11B54100230842 /* SearchTableViewCell.swift in Sources */,
				007C6FB92B0BA0040035BD38 /* UIView+Extensions.swift in Sources */,
				007B16212B1AF04700E284AA /* RecentlySearchedAddressModel.swift in Sources */,
				004148542B0E270D005C14D6 /* DetailViewController.swift in Sources */,
				003447CF2B1C3E8B00B1D24F /* DailyWeatherForecastResponseModel.swift in Sources */,
				0031E97B2B1839FD00259EC2 /* SkyConditionForecastRequestModel.swift in Sources */,
				00F0AAB42B162E660003214F /* TodayWeatherForecasts.swift in Sources */,
				00BB70172B19606C00DEE301 /* GeolocationService.swift in Sources */,
				00F0AAB22B160D120003214F /* DetailViewModel.swift in Sources */,
				003447CD2B1C3D2C00B1D24F /* DailyWeatherForecastRequestModel.swift in Sources */,
				00A2B6AA2B0F596200ACF23A /* NextForecastTableViewCell.swift in Sources */,
				00E773372B14949400684566 /* RealtimeForecastRequestModel.swift in Sources */,
				00078C6F2B0F1B180035A466 /* TodayWeatherDetailCollectionViewHeaderView.swift in Sources */,
				0050356E2B15C0F800F8B7F2 /* KoreanAddressService.swift in Sources */,
				003084C72B170F3A00D7A22D /* TemperatureForecastResponseModel.swift in Sources */,
				00A2B6AC2B0F5BC000ACF23A /* NextForecastHeaderView.swift in Sources */,
				003084BC2B16EF2000D7A22D /* TodayWeatherDataSection.swift in Sources */,
				0031E9792B1839C600259EC2 /* SkyConditionForecastService.swift in Sources */,
				00E59AB32B1F1143000E97D6 /* Int+Extensions.swift in Sources */,
				00E7733E2B14C81C00684566 /* Date+Extensions.swift in Sources */,
				00C75D012B107D6F0072DCB9 /* NotificationViewController.swift in Sources */,
				0050356C2B15BE7C00F8B7F2 /* AddressResponseModel.swift in Sources */,
				003084C22B170BEA00D7A22D /* TemperatureForecastService.swift in Sources */,
				00E773422B14F1BA00684566 /* WeatherConditionOfCurrentLocation.swift in Sources */,
				00E773342B1488A800684566 /* HomeViewModel.swift in Sources */,
				005035702B15C2A900F8B7F2 /* AddressRequestModel.swift in Sources */,
				0041485C2B0E3F3A005C14D6 /* TodayWeatherDetailCollectionViewCell.swift in Sources */,
				0031E9802B18B31A00259EC2 /* SearchViewModel.swift in Sources */,
				0050356A2B159C1700F8B7F2 /* Reactive+Extensions.swift in Sources */,
				00F0AAB62B1638460003214F /* String+Extensinos.swift in Sources */,
				007C0A5C2B0C594F007A4591 /* TodayWeatherInfoStackView.swift in Sources */,
				007C6F862B0B8F4E0035BD38 /* SceneDelegate.swift in Sources */,
				00A2B6AE2B0F894900ACF23A /* NextForecastTableView.swift in Sources */,
			);
			runOnlyForDeploymentPostprocessing = 0;
		};
		007C6F922B0B8F4F0035BD38 /* Sources */ = {
			isa = PBXSourcesBuildPhase;
			buildActionMask = 2147483647;
			files = (
				007C6F9B2B0B8F4F0035BD38 /* TodayWeatherTests.swift in Sources */,
			);
			runOnlyForDeploymentPostprocessing = 0;
		};
		007C6F9C2B0B8F4F0035BD38 /* Sources */ = {
			isa = PBXSourcesBuildPhase;
			buildActionMask = 2147483647;
			files = (
				007C6FA52B0B8F4F0035BD38 /* TodayWeatherUITests.swift in Sources */,
				007C6FA72B0B8F4F0035BD38 /* TodayWeatherUITestsLaunchTests.swift in Sources */,
			);
			runOnlyForDeploymentPostprocessing = 0;
		};
/* End PBXSourcesBuildPhase section */

/* Begin PBXTargetDependency section */
		007C6F982B0B8F4F0035BD38 /* PBXTargetDependency */ = {
			isa = PBXTargetDependency;
			target = 007C6F7F2B0B8F4E0035BD38 /* TodayWeather */;
			targetProxy = 007C6F972B0B8F4F0035BD38 /* PBXContainerItemProxy */;
		};
		007C6FA22B0B8F4F0035BD38 /* PBXTargetDependency */ = {
			isa = PBXTargetDependency;
			target = 007C6F7F2B0B8F4E0035BD38 /* TodayWeather */;
			targetProxy = 007C6FA12B0B8F4F0035BD38 /* PBXContainerItemProxy */;
		};
/* End PBXTargetDependency section */

/* Begin PBXVariantGroup section */
		007C6F8E2B0B8F4F0035BD38 /* LaunchScreen.storyboard */ = {
			isa = PBXVariantGroup;
			children = (
				007C6F8F2B0B8F4F0035BD38 /* Base */,
			);
			name = LaunchScreen.storyboard;
			sourceTree = "<group>";
		};
/* End PBXVariantGroup section */

/* Begin XCBuildConfiguration section */
		007C6FA82B0B8F4F0035BD38 /* Debug */ = {
			isa = XCBuildConfiguration;
			buildSettings = {
				ALWAYS_SEARCH_USER_PATHS = NO;
				CLANG_ANALYZER_NONNULL = YES;
				CLANG_ANALYZER_NUMBER_OBJECT_CONVERSION = YES_AGGRESSIVE;
				CLANG_CXX_LANGUAGE_STANDARD = "gnu++20";
				CLANG_ENABLE_MODULES = YES;
				CLANG_ENABLE_OBJC_ARC = YES;
				CLANG_ENABLE_OBJC_WEAK = YES;
				CLANG_WARN_BLOCK_CAPTURE_AUTORELEASING = YES;
				CLANG_WARN_BOOL_CONVERSION = YES;
				CLANG_WARN_COMMA = YES;
				CLANG_WARN_CONSTANT_CONVERSION = YES;
				CLANG_WARN_DEPRECATED_OBJC_IMPLEMENTATIONS = YES;
				CLANG_WARN_DIRECT_OBJC_ISA_USAGE = YES_ERROR;
				CLANG_WARN_DOCUMENTATION_COMMENTS = YES;
				CLANG_WARN_EMPTY_BODY = YES;
				CLANG_WARN_ENUM_CONVERSION = YES;
				CLANG_WARN_INFINITE_RECURSION = YES;
				CLANG_WARN_INT_CONVERSION = YES;
				CLANG_WARN_NON_LITERAL_NULL_CONVERSION = YES;
				CLANG_WARN_OBJC_IMPLICIT_RETAIN_SELF = YES;
				CLANG_WARN_OBJC_LITERAL_CONVERSION = YES;
				CLANG_WARN_OBJC_ROOT_CLASS = YES_ERROR;
				CLANG_WARN_QUOTED_INCLUDE_IN_FRAMEWORK_HEADER = YES;
				CLANG_WARN_RANGE_LOOP_ANALYSIS = YES;
				CLANG_WARN_STRICT_PROTOTYPES = YES;
				CLANG_WARN_SUSPICIOUS_MOVE = YES;
				CLANG_WARN_UNGUARDED_AVAILABILITY = YES_AGGRESSIVE;
				CLANG_WARN_UNREACHABLE_CODE = YES;
				CLANG_WARN__DUPLICATE_METHOD_MATCH = YES;
				COPY_PHASE_STRIP = NO;
				DEBUG_INFORMATION_FORMAT = dwarf;
				ENABLE_STRICT_OBJC_MSGSEND = YES;
				ENABLE_TESTABILITY = YES;
				GCC_C_LANGUAGE_STANDARD = gnu11;
				GCC_DYNAMIC_NO_PIC = NO;
				GCC_NO_COMMON_BLOCKS = YES;
				GCC_OPTIMIZATION_LEVEL = 0;
				GCC_PREPROCESSOR_DEFINITIONS = (
					"DEBUG=1",
					"$(inherited)",
				);
				GCC_WARN_64_TO_32_BIT_CONVERSION = YES;
				GCC_WARN_ABOUT_RETURN_TYPE = YES_ERROR;
				GCC_WARN_UNDECLARED_SELECTOR = YES;
				GCC_WARN_UNINITIALIZED_AUTOS = YES_AGGRESSIVE;
				GCC_WARN_UNUSED_FUNCTION = YES;
				GCC_WARN_UNUSED_VARIABLE = YES;
				IPHONEOS_DEPLOYMENT_TARGET = 15.0;
				MTL_ENABLE_DEBUG_INFO = INCLUDE_SOURCE;
				MTL_FAST_MATH = YES;
				ONLY_ACTIVE_ARCH = YES;
				SDKROOT = iphoneos;
				SWIFT_ACTIVE_COMPILATION_CONDITIONS = DEBUG;
				SWIFT_OPTIMIZATION_LEVEL = "-Onone";
			};
			name = Debug;
		};
		007C6FA92B0B8F4F0035BD38 /* Release */ = {
			isa = XCBuildConfiguration;
			buildSettings = {
				ALWAYS_SEARCH_USER_PATHS = NO;
				CLANG_ANALYZER_NONNULL = YES;
				CLANG_ANALYZER_NUMBER_OBJECT_CONVERSION = YES_AGGRESSIVE;
				CLANG_CXX_LANGUAGE_STANDARD = "gnu++20";
				CLANG_ENABLE_MODULES = YES;
				CLANG_ENABLE_OBJC_ARC = YES;
				CLANG_ENABLE_OBJC_WEAK = YES;
				CLANG_WARN_BLOCK_CAPTURE_AUTORELEASING = YES;
				CLANG_WARN_BOOL_CONVERSION = YES;
				CLANG_WARN_COMMA = YES;
				CLANG_WARN_CONSTANT_CONVERSION = YES;
				CLANG_WARN_DEPRECATED_OBJC_IMPLEMENTATIONS = YES;
				CLANG_WARN_DIRECT_OBJC_ISA_USAGE = YES_ERROR;
				CLANG_WARN_DOCUMENTATION_COMMENTS = YES;
				CLANG_WARN_EMPTY_BODY = YES;
				CLANG_WARN_ENUM_CONVERSION = YES;
				CLANG_WARN_INFINITE_RECURSION = YES;
				CLANG_WARN_INT_CONVERSION = YES;
				CLANG_WARN_NON_LITERAL_NULL_CONVERSION = YES;
				CLANG_WARN_OBJC_IMPLICIT_RETAIN_SELF = YES;
				CLANG_WARN_OBJC_LITERAL_CONVERSION = YES;
				CLANG_WARN_OBJC_ROOT_CLASS = YES_ERROR;
				CLANG_WARN_QUOTED_INCLUDE_IN_FRAMEWORK_HEADER = YES;
				CLANG_WARN_RANGE_LOOP_ANALYSIS = YES;
				CLANG_WARN_STRICT_PROTOTYPES = YES;
				CLANG_WARN_SUSPICIOUS_MOVE = YES;
				CLANG_WARN_UNGUARDED_AVAILABILITY = YES_AGGRESSIVE;
				CLANG_WARN_UNREACHABLE_CODE = YES;
				CLANG_WARN__DUPLICATE_METHOD_MATCH = YES;
				COPY_PHASE_STRIP = NO;
				DEBUG_INFORMATION_FORMAT = "dwarf-with-dsym";
				ENABLE_NS_ASSERTIONS = NO;
				ENABLE_STRICT_OBJC_MSGSEND = YES;
				GCC_C_LANGUAGE_STANDARD = gnu11;
				GCC_NO_COMMON_BLOCKS = YES;
				GCC_WARN_64_TO_32_BIT_CONVERSION = YES;
				GCC_WARN_ABOUT_RETURN_TYPE = YES_ERROR;
				GCC_WARN_UNDECLARED_SELECTOR = YES;
				GCC_WARN_UNINITIALIZED_AUTOS = YES_AGGRESSIVE;
				GCC_WARN_UNUSED_FUNCTION = YES;
				GCC_WARN_UNUSED_VARIABLE = YES;
				IPHONEOS_DEPLOYMENT_TARGET = 15.0;
				MTL_ENABLE_DEBUG_INFO = NO;
				MTL_FAST_MATH = YES;
				SDKROOT = iphoneos;
				SWIFT_COMPILATION_MODE = wholemodule;
				SWIFT_OPTIMIZATION_LEVEL = "-O";
				VALIDATE_PRODUCT = YES;
			};
			name = Release;
		};
		007C6FAB2B0B8F4F0035BD38 /* Debug */ = {
			isa = XCBuildConfiguration;
			baseConfigurationReference = 67A0C893E658532FC15B9CE9 /* Pods-TodayWeather.debug.xcconfig */;
			buildSettings = {
				ASSETCATALOG_COMPILER_APPICON_NAME = AppIcon;
				ASSETCATALOG_COMPILER_GLOBAL_ACCENT_COLOR_NAME = AccentColor;
				CODE_SIGN_STYLE = Automatic;
				CURRENT_PROJECT_VERSION = 1;
				DEVELOPMENT_TEAM = 59V6NJY3X6;
				GENERATE_INFOPLIST_FILE = YES;
				INFOPLIST_FILE = TodayWeather/Info.plist;
				INFOPLIST_KEY_NSLocationAlwaysAndWhenInUseUsageDescription = "현재 위치사용을 허용하시겠습니까?";
				INFOPLIST_KEY_NSLocationWhenInUseUsageDescription = "현재 위치사용을 허용하시겠습니까?";
				INFOPLIST_KEY_UIApplicationSupportsIndirectInputEvents = YES;
				INFOPLIST_KEY_UILaunchStoryboardName = LaunchScreen;
				INFOPLIST_KEY_UISupportedInterfaceOrientations_iPad = "UIInterfaceOrientationPortrait UIInterfaceOrientationPortraitUpsideDown UIInterfaceOrientationLandscapeLeft UIInterfaceOrientationLandscapeRight";
				INFOPLIST_KEY_UISupportedInterfaceOrientations_iPhone = "UIInterfaceOrientationPortrait UIInterfaceOrientationLandscapeLeft UIInterfaceOrientationLandscapeRight";
				IPHONEOS_DEPLOYMENT_TARGET = 15.0;
				LD_RUNPATH_SEARCH_PATHS = (
					"$(inherited)",
					"@executable_path/Frameworks",
				);
				MARKETING_VERSION = 1.0;
				PRODUCT_BUNDLE_IDENTIFIER = com.constdreamcoder.TodayWeather;
				PRODUCT_NAME = "$(TARGET_NAME)";
				SUPPORTED_PLATFORMS = "iphoneos iphonesimulator";
				SUPPORTS_MACCATALYST = NO;
				SUPPORTS_MAC_DESIGNED_FOR_IPHONE_IPAD = NO;
				SWIFT_EMIT_LOC_STRINGS = YES;
				SWIFT_VERSION = 5.0;
				TARGETED_DEVICE_FAMILY = 1;
			};
			name = Debug;
		};
		007C6FAC2B0B8F4F0035BD38 /* Release */ = {
			isa = XCBuildConfiguration;
			baseConfigurationReference = EBF5BC9D1970CDDDEEDA8360 /* Pods-TodayWeather.release.xcconfig */;
			buildSettings = {
				ASSETCATALOG_COMPILER_APPICON_NAME = AppIcon;
				ASSETCATALOG_COMPILER_GLOBAL_ACCENT_COLOR_NAME = AccentColor;
				CODE_SIGN_STYLE = Automatic;
				CURRENT_PROJECT_VERSION = 1;
				DEVELOPMENT_TEAM = 59V6NJY3X6;
				GENERATE_INFOPLIST_FILE = YES;
				INFOPLIST_FILE = TodayWeather/Info.plist;
				INFOPLIST_KEY_NSLocationAlwaysAndWhenInUseUsageDescription = "현재 위치사용을 허용하시겠습니까?";
				INFOPLIST_KEY_NSLocationWhenInUseUsageDescription = "현재 위치사용을 허용하시겠습니까?";
				INFOPLIST_KEY_UIApplicationSupportsIndirectInputEvents = YES;
				INFOPLIST_KEY_UILaunchStoryboardName = LaunchScreen;
				INFOPLIST_KEY_UISupportedInterfaceOrientations_iPad = "UIInterfaceOrientationPortrait UIInterfaceOrientationPortraitUpsideDown UIInterfaceOrientationLandscapeLeft UIInterfaceOrientationLandscapeRight";
				INFOPLIST_KEY_UISupportedInterfaceOrientations_iPhone = "UIInterfaceOrientationPortrait UIInterfaceOrientationLandscapeLeft UIInterfaceOrientationLandscapeRight";
				IPHONEOS_DEPLOYMENT_TARGET = 15.0;
				LD_RUNPATH_SEARCH_PATHS = (
					"$(inherited)",
					"@executable_path/Frameworks",
				);
				MARKETING_VERSION = 1.0;
				PRODUCT_BUNDLE_IDENTIFIER = com.constdreamcoder.TodayWeather;
				PRODUCT_NAME = "$(TARGET_NAME)";
				SUPPORTED_PLATFORMS = "iphoneos iphonesimulator";
				SUPPORTS_MACCATALYST = NO;
				SUPPORTS_MAC_DESIGNED_FOR_IPHONE_IPAD = NO;
				SWIFT_EMIT_LOC_STRINGS = YES;
				SWIFT_VERSION = 5.0;
				TARGETED_DEVICE_FAMILY = 1;
			};
			name = Release;
		};
		007C6FAE2B0B8F4F0035BD38 /* Debug */ = {
			isa = XCBuildConfiguration;
			baseConfigurationReference = 980EC611C2EB8D7022339029 /* Pods-TodayWeatherTests.debug.xcconfig */;
			buildSettings = {
				ALWAYS_EMBED_SWIFT_STANDARD_LIBRARIES = YES;
				BUNDLE_LOADER = "$(TEST_HOST)";
				CODE_SIGN_STYLE = Automatic;
				CURRENT_PROJECT_VERSION = 1;
				DEVELOPMENT_TEAM = 59V6NJY3X6;
				GENERATE_INFOPLIST_FILE = YES;
				IPHONEOS_DEPLOYMENT_TARGET = 16.4;
				MARKETING_VERSION = 1.0;
				PRODUCT_BUNDLE_IDENTIFIER = com.scdreamricher.TodayWeatherTests;
				PRODUCT_NAME = "$(TARGET_NAME)";
				SWIFT_EMIT_LOC_STRINGS = NO;
				SWIFT_VERSION = 5.0;
				TARGETED_DEVICE_FAMILY = "1,2";
				TEST_HOST = "$(BUILT_PRODUCTS_DIR)/TodayWeather.app/$(BUNDLE_EXECUTABLE_FOLDER_PATH)/TodayWeather";
			};
			name = Debug;
		};
		007C6FAF2B0B8F4F0035BD38 /* Release */ = {
			isa = XCBuildConfiguration;
			baseConfigurationReference = B7761FD9AE55FB1B95E6860F /* Pods-TodayWeatherTests.release.xcconfig */;
			buildSettings = {
				ALWAYS_EMBED_SWIFT_STANDARD_LIBRARIES = YES;
				BUNDLE_LOADER = "$(TEST_HOST)";
				CODE_SIGN_STYLE = Automatic;
				CURRENT_PROJECT_VERSION = 1;
				DEVELOPMENT_TEAM = 59V6NJY3X6;
				GENERATE_INFOPLIST_FILE = YES;
				IPHONEOS_DEPLOYMENT_TARGET = 16.4;
				MARKETING_VERSION = 1.0;
				PRODUCT_BUNDLE_IDENTIFIER = com.scdreamricher.TodayWeatherTests;
				PRODUCT_NAME = "$(TARGET_NAME)";
				SWIFT_EMIT_LOC_STRINGS = NO;
				SWIFT_VERSION = 5.0;
				TARGETED_DEVICE_FAMILY = "1,2";
				TEST_HOST = "$(BUILT_PRODUCTS_DIR)/TodayWeather.app/$(BUNDLE_EXECUTABLE_FOLDER_PATH)/TodayWeather";
			};
			name = Release;
		};
		007C6FB12B0B8F4F0035BD38 /* Debug */ = {
			isa = XCBuildConfiguration;
			baseConfigurationReference = 8D5A54DF6EE3168F127B2FAF /* Pods-TodayWeather-TodayWeatherUITests.debug.xcconfig */;
			buildSettings = {
				ALWAYS_EMBED_SWIFT_STANDARD_LIBRARIES = YES;
				CODE_SIGN_STYLE = Automatic;
				CURRENT_PROJECT_VERSION = 1;
				DEVELOPMENT_TEAM = 59V6NJY3X6;
				GENERATE_INFOPLIST_FILE = YES;
				MARKETING_VERSION = 1.0;
				PRODUCT_BUNDLE_IDENTIFIER = com.scdreamricher.TodayWeatherUITests;
				PRODUCT_NAME = "$(TARGET_NAME)";
				SWIFT_EMIT_LOC_STRINGS = NO;
				SWIFT_VERSION = 5.0;
				TARGETED_DEVICE_FAMILY = "1,2";
				TEST_TARGET_NAME = TodayWeather;
			};
			name = Debug;
		};
		007C6FB22B0B8F4F0035BD38 /* Release */ = {
			isa = XCBuildConfiguration;
			baseConfigurationReference = 892D7F31A143C56450C318C2 /* Pods-TodayWeather-TodayWeatherUITests.release.xcconfig */;
			buildSettings = {
				ALWAYS_EMBED_SWIFT_STANDARD_LIBRARIES = YES;
				CODE_SIGN_STYLE = Automatic;
				CURRENT_PROJECT_VERSION = 1;
				DEVELOPMENT_TEAM = 59V6NJY3X6;
				GENERATE_INFOPLIST_FILE = YES;
				MARKETING_VERSION = 1.0;
				PRODUCT_BUNDLE_IDENTIFIER = com.scdreamricher.TodayWeatherUITests;
				PRODUCT_NAME = "$(TARGET_NAME)";
				SWIFT_EMIT_LOC_STRINGS = NO;
				SWIFT_VERSION = 5.0;
				TARGETED_DEVICE_FAMILY = "1,2";
				TEST_TARGET_NAME = TodayWeather;
			};
			name = Release;
		};
/* End XCBuildConfiguration section */

/* Begin XCConfigurationList section */
		007C6F7B2B0B8F4E0035BD38 /* Build configuration list for PBXProject "TodayWeather" */ = {
			isa = XCConfigurationList;
			buildConfigurations = (
				007C6FA82B0B8F4F0035BD38 /* Debug */,
				007C6FA92B0B8F4F0035BD38 /* Release */,
			);
			defaultConfigurationIsVisible = 0;
			defaultConfigurationName = Release;
		};
		007C6FAA2B0B8F4F0035BD38 /* Build configuration list for PBXNativeTarget "TodayWeather" */ = {
			isa = XCConfigurationList;
			buildConfigurations = (
				007C6FAB2B0B8F4F0035BD38 /* Debug */,
				007C6FAC2B0B8F4F0035BD38 /* Release */,
			);
			defaultConfigurationIsVisible = 0;
			defaultConfigurationName = Release;
		};
		007C6FAD2B0B8F4F0035BD38 /* Build configuration list for PBXNativeTarget "TodayWeatherTests" */ = {
			isa = XCConfigurationList;
			buildConfigurations = (
				007C6FAE2B0B8F4F0035BD38 /* Debug */,
				007C6FAF2B0B8F4F0035BD38 /* Release */,
			);
			defaultConfigurationIsVisible = 0;
			defaultConfigurationName = Release;
		};
		007C6FB02B0B8F4F0035BD38 /* Build configuration list for PBXNativeTarget "TodayWeatherUITests" */ = {
			isa = XCConfigurationList;
			buildConfigurations = (
				007C6FB12B0B8F4F0035BD38 /* Debug */,
				007C6FB22B0B8F4F0035BD38 /* Release */,
			);
			defaultConfigurationIsVisible = 0;
			defaultConfigurationName = Release;
		};
/* End XCConfigurationList section */

/* Begin XCRemoteSwiftPackageReference section */
		003989B82B1F7E1F007CFD53 /* XCRemoteSwiftPackageReference "realm-swift" */ = {
			isa = XCRemoteSwiftPackageReference;
			repositoryURL = "https://github.com/realm/realm-swift.git";
			requirement = {
				branch = master;
				kind = branch;
			};
		};
		003989BD2B1F7EDE007CFD53 /* XCRemoteSwiftPackageReference "RxRealm" */ = {
			isa = XCRemoteSwiftPackageReference;
			repositoryURL = "https://github.com/RxSwiftCommunity/RxRealm.git";
			requirement = {
				branch = main;
				kind = branch;
			};
		};
		003989C02B1F7F5A007CFD53 /* XCRemoteSwiftPackageReference "SnapKit" */ = {
			isa = XCRemoteSwiftPackageReference;
			repositoryURL = "https://github.com/SnapKit/SnapKit.git";
			requirement = {
				kind = upToNextMajorVersion;
				minimumVersion = 5.6.0;
			};
		};
		00677A212B1F79370015F34D /* XCRemoteSwiftPackageReference "Alamofire" */ = {
			isa = XCRemoteSwiftPackageReference;
			repositoryURL = "https://github.com/Alamofire/Alamofire.git";
			requirement = {
				kind = upToNextMajorVersion;
				minimumVersion = 5.8.1;
			};
		};
		00677A242B1F79F10015F34D /* XCRemoteSwiftPackageReference "RxSwift" */ = {
			isa = XCRemoteSwiftPackageReference;
			repositoryURL = "https://github.com/ReactiveX/RxSwift.git";
			requirement = {
				kind = upToNextMajorVersion;
				minimumVersion = 6.6.0;
			};
		};
		00677A292B1F7A5E0015F34D /* XCRemoteSwiftPackageReference "RxDataSources" */ = {
			isa = XCRemoteSwiftPackageReference;
			repositoryURL = "https://github.com/RxSwiftCommunity/RxDataSources.git";
			requirement = {
				kind = upToNextMajorVersion;
				minimumVersion = 5.0.2;
			};
		};
/* End XCRemoteSwiftPackageReference section */

/* Begin XCSwiftPackageProductDependency section */
		003989B92B1F7E1F007CFD53 /* Realm */ = {
			isa = XCSwiftPackageProductDependency;
			package = 003989B82B1F7E1F007CFD53 /* XCRemoteSwiftPackageReference "realm-swift" */;
			productName = Realm;
		};
		003989BB2B1F7E1F007CFD53 /* RealmSwift */ = {
			isa = XCSwiftPackageProductDependency;
			package = 003989B82B1F7E1F007CFD53 /* XCRemoteSwiftPackageReference "realm-swift" */;
			productName = RealmSwift;
		};
		003989BE2B1F7EDE007CFD53 /* RxRealm */ = {
			isa = XCSwiftPackageProductDependency;
			package = 003989BD2B1F7EDE007CFD53 /* XCRemoteSwiftPackageReference "RxRealm" */;
			productName = RxRealm;
		};
		003989C12B1F7F5A007CFD53 /* SnapKit */ = {
			isa = XCSwiftPackageProductDependency;
			package = 003989C02B1F7F5A007CFD53 /* XCRemoteSwiftPackageReference "SnapKit" */;
			productName = SnapKit;
		};
		00677A222B1F79370015F34D /* Alamofire */ = {
			isa = XCSwiftPackageProductDependency;
			package = 00677A212B1F79370015F34D /* XCRemoteSwiftPackageReference "Alamofire" */;
			productName = Alamofire;
		};
		00677A252B1F79F10015F34D /* RxCocoa */ = {
			isa = XCSwiftPackageProductDependency;
			package = 00677A242B1F79F10015F34D /* XCRemoteSwiftPackageReference "RxSwift" */;
			productName = RxCocoa;
		};
		00677A272B1F79F10015F34D /* RxSwift */ = {
			isa = XCSwiftPackageProductDependency;
			package = 00677A242B1F79F10015F34D /* XCRemoteSwiftPackageReference "RxSwift" */;
			productName = RxSwift;
		};
		00677A2A2B1F7A5E0015F34D /* Differentiator */ = {
			isa = XCSwiftPackageProductDependency;
			package = 00677A292B1F7A5E0015F34D /* XCRemoteSwiftPackageReference "RxDataSources" */;
			productName = Differentiator;
		};
		00677A2C2B1F7A5E0015F34D /* RxDataSources */ = {
			isa = XCSwiftPackageProductDependency;
			package = 00677A292B1F7A5E0015F34D /* XCRemoteSwiftPackageReference "RxDataSources" */;
			productName = RxDataSources;
		};
/* End XCSwiftPackageProductDependency section */
	};
	rootObject = 007C6F782B0B8F4E0035BD38 /* Project object */;
}
